// !$*UTF8*$!
{
	archiveVersion = 1;
	classes = {
	};
	objectVersion = 50;
	objects = {

/* Begin PBXBuildFile section */
		5F10BCD025FE046900532D5F /* HealthKitSetupAssistant.swift in Sources */ = {isa = PBXBuildFile; fileRef = 5F10BCCF25FE046900532D5F /* HealthKitSetupAssistant.swift */; };
		5F10BCD525FE06E100532D5F /* testhealthKitViewController.swift in Sources */ = {isa = PBXBuildFile; fileRef = 5F10BCD325FE06E100532D5F /* testhealthKitViewController.swift */; };
		5F10BCD625FE06E100532D5F /* testhealthKitViewController.xib in Resources */ = {isa = PBXBuildFile; fileRef = 5F10BCD425FE06E100532D5F /* testhealthKitViewController.xib */; };
		5F3F3DD925FBB9B300A706F6 /* HealthKit.framework in Frameworks */ = {isa = PBXBuildFile; fileRef = 5F3F3DD825FBB9B300A706F6 /* HealthKit.framework */; };
		5FD7E5B425F3951A00547619 /* AppDelegate.swift in Sources */ = {isa = PBXBuildFile; fileRef = 5FD7E5B325F3951A00547619 /* AppDelegate.swift */; };
		5FD7E5B625F3951A00547619 /* SceneDelegate.swift in Sources */ = {isa = PBXBuildFile; fileRef = 5FD7E5B525F3951A00547619 /* SceneDelegate.swift */; };
		5FD7E5BA25F3951D00547619 /* Assets.xcassets in Resources */ = {isa = PBXBuildFile; fileRef = 5FD7E5B925F3951D00547619 /* Assets.xcassets */; };
		5FD7E5BD25F3951D00547619 /* Preview Assets.xcassets in Resources */ = {isa = PBXBuildFile; fileRef = 5FD7E5BC25F3951D00547619 /* Preview Assets.xcassets */; };
		5FD7E5C025F3951D00547619 /* LaunchScreen.storyboard in Resources */ = {isa = PBXBuildFile; fileRef = 5FD7E5BE25F3951D00547619 /* LaunchScreen.storyboard */; };
/* End PBXBuildFile section */

/* Begin PBXFileReference section */
		5F10BCCF25FE046900532D5F /* HealthKitSetupAssistant.swift */ = {isa = PBXFileReference; lastKnownFileType = sourcecode.swift; path = HealthKitSetupAssistant.swift; sourceTree = "<group>"; };
		5F10BCD325FE06E100532D5F /* testhealthKitViewController.swift */ = {isa = PBXFileReference; lastKnownFileType = sourcecode.swift; path = testhealthKitViewController.swift; sourceTree = "<group>"; };
		5F10BCD425FE06E100532D5F /* testhealthKitViewController.xib */ = {isa = PBXFileReference; lastKnownFileType = file.xib; path = testhealthKitViewController.xib; sourceTree = "<group>"; };
		5F3F3DD625FBB9B300A706F6 /* healthcare.entitlements */ = {isa = PBXFileReference; lastKnownFileType = text.plist.entitlements; path = healthcare.entitlements; sourceTree = "<group>"; };
		5F3F3DD825FBB9B300A706F6 /* HealthKit.framework */ = {isa = PBXFileReference; lastKnownFileType = wrapper.framework; name = HealthKit.framework; path = System/Library/Frameworks/HealthKit.framework; sourceTree = SDKROOT; };
		5FD7E5B025F3951A00547619 /* healthcare.app */ = {isa = PBXFileReference; explicitFileType = wrapper.application; includeInIndex = 0; path = healthcare.app; sourceTree = BUILT_PRODUCTS_DIR; };
		5FD7E5B325F3951A00547619 /* AppDelegate.swift */ = {isa = PBXFileReference; lastKnownFileType = sourcecode.swift; path = AppDelegate.swift; sourceTree = "<group>"; };
		5FD7E5B525F3951A00547619 /* SceneDelegate.swift */ = {isa = PBXFileReference; lastKnownFileType = sourcecode.swift; path = SceneDelegate.swift; sourceTree = "<group>"; };
		5FD7E5B925F3951D00547619 /* Assets.xcassets */ = {isa = PBXFileReference; lastKnownFileType = folder.assetcatalog; path = Assets.xcassets; sourceTree = "<group>"; };
		5FD7E5BC25F3951D00547619 /* Preview Assets.xcassets */ = {isa = PBXFileReference; lastKnownFileType = folder.assetcatalog; path = "Preview Assets.xcassets"; sourceTree = "<group>"; };
		5FD7E5BF25F3951D00547619 /* Base */ = {isa = PBXFileReference; lastKnownFileType = file.storyboard; name = Base; path = Base.lproj/LaunchScreen.storyboard; sourceTree = "<group>"; };
		5FD7E5C125F3951D00547619 /* Info.plist */ = {isa = PBXFileReference; lastKnownFileType = text.plist.xml; path = Info.plist; sourceTree = "<group>"; };
/* End PBXFileReference section */

/* Begin PBXFrameworksBuildPhase section */
		5FD7E5AD25F3951A00547619 /* Frameworks */ = {
			isa = PBXFrameworksBuildPhase;
			buildActionMask = 2147483647;
			files = (
				5F3F3DD925FBB9B300A706F6 /* HealthKit.framework in Frameworks */,
			);
			runOnlyForDeploymentPostprocessing = 0;
		};
/* End PBXFrameworksBuildPhase section */

/* Begin PBXGroup section */
		5F3F3DD725FBB9B300A706F6 /* Frameworks */ = {
			isa = PBXGroup;
			children = (
				5F3F3DD825FBB9B300A706F6 /* HealthKit.framework */,
			);
			name = Frameworks;
			sourceTree = "<group>";
		};
		5FD7E5A725F3951A00547619 = {
			isa = PBXGroup;
			children = (
				5FD7E5B225F3951A00547619 /* healthcare */,
				5FD7E5B125F3951A00547619 /* Products */,
				5F3F3DD725FBB9B300A706F6 /* Frameworks */,
			);
			sourceTree = "<group>";
		};
		5FD7E5B125F3951A00547619 /* Products */ = {
			isa = PBXGroup;
			children = (
				5FD7E5B025F3951A00547619 /* healthcare.app */,
			);
			name = Products;
			sourceTree = "<group>";
		};
		5FD7E5B225F3951A00547619 /* healthcare */ = {
			isa = PBXGroup;
			children = (
				5F3F3DD625FBB9B300A706F6 /* healthcare.entitlements */,
				5FD7E5B325F3951A00547619 /* AppDelegate.swift */,
				5FD7E5B525F3951A00547619 /* SceneDelegate.swift */,
				5FD7E5B925F3951D00547619 /* Assets.xcassets */,
				5FD7E5BE25F3951D00547619 /* LaunchScreen.storyboard */,
				5FD7E5C125F3951D00547619 /* Info.plist */,
				5FD7E5BB25F3951D00547619 /* Preview Content */,
				5F10BCCF25FE046900532D5F /* HealthKitSetupAssistant.swift */,
				5F10BCD325FE06E100532D5F /* testhealthKitViewController.swift */,
				5F10BCD425FE06E100532D5F /* testhealthKitViewController.xib */,
			);
			path = healthcare;
			sourceTree = "<group>";
		};
		5FD7E5BB25F3951D00547619 /* Preview Content */ = {
			isa = PBXGroup;
			children = (
				5FD7E5BC25F3951D00547619 /* Preview Assets.xcassets */,
			);
			path = "Preview Content";
			sourceTree = "<group>";
		};
/* End PBXGroup section */

/* Begin PBXNativeTarget section */
		5FD7E5AF25F3951A00547619 /* healthcare */ = {
			isa = PBXNativeTarget;
			buildConfigurationList = 5FD7E5C425F3951D00547619 /* Build configuration list for PBXNativeTarget "healthcare" */;
			buildPhases = (
				5FD7E5AC25F3951A00547619 /* Sources */,
				5FD7E5AD25F3951A00547619 /* Frameworks */,
				5FD7E5AE25F3951A00547619 /* Resources */,
			);
			buildRules = (
			);
			dependencies = (
			);
			name = healthcare;
			productName = healthcare;
			productReference = 5FD7E5B025F3951A00547619 /* healthcare.app */;
			productType = "com.apple.product-type.application";
		};
/* End PBXNativeTarget section */

/* Begin PBXProject section */
		5FD7E5A825F3951A00547619 /* Project object */ = {
			isa = PBXProject;
			attributes = {
				LastSwiftUpdateCheck = 1240;
				LastUpgradeCheck = 1240;
				TargetAttributes = {
					5FD7E5AF25F3951A00547619 = {
						CreatedOnToolsVersion = 12.4;
					};
				};
			};
			buildConfigurationList = 5FD7E5AB25F3951A00547619 /* Build configuration list for PBXProject "healthcare" */;
			compatibilityVersion = "Xcode 9.3";
			developmentRegion = en;
			hasScannedForEncodings = 0;
			knownRegions = (
				en,
				Base,
			);
			mainGroup = 5FD7E5A725F3951A00547619;
			productRefGroup = 5FD7E5B125F3951A00547619 /* Products */;
			projectDirPath = "";
			projectRoot = "";
			targets = (
				5FD7E5AF25F3951A00547619 /* healthcare */,
			);
		};
/* End PBXProject section */

/* Begin PBXResourcesBuildPhase section */
		5FD7E5AE25F3951A00547619 /* Resources */ = {
			isa = PBXResourcesBuildPhase;
			buildActionMask = 2147483647;
			files = (
				5FD7E5C025F3951D00547619 /* LaunchScreen.storyboard in Resources */,
				5F10BCD625FE06E100532D5F /* testhealthKitViewController.xib in Resources */,
				5FD7E5BD25F3951D00547619 /* Preview Assets.xcassets in Resources */,
				5FD7E5BA25F3951D00547619 /* Assets.xcassets in Resources */,
			);
			runOnlyForDeploymentPostprocessing = 0;
		};
/* End PBXResourcesBuildPhase section */

/* Begin PBXSourcesBuildPhase section */
		5FD7E5AC25F3951A00547619 /* Sources */ = {
			isa = PBXSourcesBuildPhase;
			buildActionMask = 2147483647;
			files = (
				5FD7E5B425F3951A00547619 /* AppDelegate.swift in Sources */,
				5FD7E5B625F3951A00547619 /* SceneDelegate.swift in Sources */,
				5F10BCD025FE046900532D5F /* HealthKitSetupAssistant.swift in Sources */,
				5F10BCD525FE06E100532D5F /* testhealthKitViewController.swift in Sources */,
			);
			runOnlyForDeploymentPostprocessing = 0;
		};
/* End PBXSourcesBuildPhase section */

/* Begin PBXVariantGroup section */
		5FD7E5BE25F3951D00547619 /* LaunchScreen.storyboard */ = {
			isa = PBXVariantGroup;
			children = (
				5FD7E5BF25F3951D00547619 /* Base */,
			);
			name = LaunchScreen.storyboard;
			sourceTree = "<group>";
		};
/* End PBXVariantGroup section */

/* Begin XCBuildConfiguration section */
		5FD7E5C225F3951D00547619 /* Debug */ = {
			isa = XCBuildConfiguration;
			buildSettings = {
				ALWAYS_SEARCH_USER_PATHS = NO;
				CLANG_ANALYZER_NONNULL = YES;
				CLANG_ANALYZER_NUMBER_OBJECT_CONVERSION = YES_AGGRESSIVE;
				CLANG_CXX_LANGUAGE_STANDARD = "gnu++14";
				CLANG_CXX_LIBRARY = "libc++";
				CLANG_ENABLE_MODULES = YES;
				CLANG_ENABLE_OBJC_ARC = YES;
				CLANG_ENABLE_OBJC_WEAK = YES;
				CLANG_WARN_BLOCK_CAPTURE_AUTORELEASING = YES;
				CLANG_WARN_BOOL_CONVERSION = YES;
				CLANG_WARN_COMMA = YES;
				CLANG_WARN_CONSTANT_CONVERSION = YES;
				CLANG_WARN_DEPRECATED_OBJC_IMPLEMENTATIONS = YES;
				CLANG_WARN_DIRECT_OBJC_ISA_USAGE = YES_ERROR;
				CLANG_WARN_DOCUMENTATION_COMMENTS = YES;
				CLANG_WARN_EMPTY_BODY = YES;
				CLANG_WARN_ENUM_CONVERSION = YES;
				CLANG_WARN_INFINITE_RECURSION = YES;
				CLANG_WARN_INT_CONVERSION = YES;
				CLANG_WARN_NON_LITERAL_NULL_CONVERSION = YES;
				CLANG_WARN_OBJC_IMPLICIT_RETAIN_SELF = YES;
				CLANG_WARN_OBJC_LITERAL_CONVERSION = YES;
				CLANG_WARN_OBJC_ROOT_CLASS = YES_ERROR;
				CLANG_WARN_QUOTED_INCLUDE_IN_FRAMEWORK_HEADER = YES;
				CLANG_WARN_RANGE_LOOP_ANALYSIS = YES;
				CLANG_WARN_STRICT_PROTOTYPES = YES;
				CLANG_WARN_SUSPICIOUS_MOVE = YES;
				CLANG_WARN_UNGUARDED_AVAILABILITY = YES_AGGRESSIVE;
				CLANG_WARN_UNREACHABLE_CODE = YES;
				CLANG_WARN__DUPLICATE_METHOD_MATCH = YES;
				COPY_PHASE_STRIP = NO;
				DEBUG_INFORMATION_FORMAT = dwarf;
				ENABLE_STRICT_OBJC_MSGSEND = YES;
				ENABLE_TESTABILITY = YES;
				GCC_C_LANGUAGE_STANDARD = gnu11;
				GCC_DYNAMIC_NO_PIC = NO;
				GCC_NO_COMMON_BLOCKS = YES;
				GCC_OPTIMIZATION_LEVEL = 0;
				GCC_PREPROCESSOR_DEFINITIONS = (
					"DEBUG=1",
					"$(inherited)",
				);
				GCC_WARN_64_TO_32_BIT_CONVERSION = YES;
				GCC_WARN_ABOUT_RETURN_TYPE = YES_ERROR;
				GCC_WARN_UNDECLARED_SELECTOR = YES;
				GCC_WARN_UNINITIALIZED_AUTOS = YES_AGGRESSIVE;
				GCC_WARN_UNUSED_FUNCTION = YES;
				GCC_WARN_UNUSED_VARIABLE = YES;
				IPHONEOS_DEPLOYMENT_TARGET = 14.4;
				MTL_ENABLE_DEBUG_INFO = INCLUDE_SOURCE;
				MTL_FAST_MATH = YES;
				ONLY_ACTIVE_ARCH = YES;
				SDKROOT = iphoneos;
				SWIFT_ACTIVE_COMPILATION_CONDITIONS = DEBUG;
				SWIFT_OPTIMIZATION_LEVEL = "-Onone";
			};
			name = Debug;
		};
		5FD7E5C325F3951D00547619 /* Release */ = {
			isa = XCBuildConfiguration;
			buildSettings = {
				ALWAYS_SEARCH_USER_PATHS = NO;
				CLANG_ANALYZER_NONNULL = YES;
				CLANG_ANALYZER_NUMBER_OBJECT_CONVERSION = YES_AGGRESSIVE;
				CLANG_CXX_LANGUAGE_STANDARD = "gnu++14";
				CLANG_CXX_LIBRARY = "libc++";
				CLANG_ENABLE_MODULES = YES;
				CLANG_ENABLE_OBJC_ARC = YES;
				CLANG_ENABLE_OBJC_WEAK = YES;
				CLANG_WARN_BLOCK_CAPTURE_AUTORELEASING = YES;
				CLANG_WARN_BOOL_CONVERSION = YES;
				CLANG_WARN_COMMA = YES;
				CLANG_WARN_CONSTANT_CONVERSION = YES;
				CLANG_WARN_DEPRECATED_OBJC_IMPLEMENTATIONS = YES;
				CLANG_WARN_DIRECT_OBJC_ISA_USAGE = YES_ERROR;
				CLANG_WARN_DOCUMENTATION_COMMENTS = YES;
				CLANG_WARN_EMPTY_BODY = YES;
				CLANG_WARN_ENUM_CONVERSION = YES;
				CLANG_WARN_INFINITE_RECURSION = YES;
				CLANG_WARN_INT_CONVERSION = YES;
				CLANG_WARN_NON_LITERAL_NULL_CONVERSION = YES;
				CLANG_WARN_OBJC_IMPLICIT_RETAIN_SELF = YES;
				CLANG_WARN_OBJC_LITERAL_CONVERSION = YES;
				CLANG_WARN_OBJC_ROOT_CLASS = YES_ERROR;
				CLANG_WARN_QUOTED_INCLUDE_IN_FRAMEWORK_HEADER = YES;
				CLANG_WARN_RANGE_LOOP_ANALYSIS = YES;
				CLANG_WARN_STRICT_PROTOTYPES = YES;
				CLANG_WARN_SUSPICIOUS_MOVE = YES;
				CLANG_WARN_UNGUARDED_AVAILABILITY = YES_AGGRESSIVE;
				CLANG_WARN_UNREACHABLE_CODE = YES;
				CLANG_WARN__DUPLICATE_METHOD_MATCH = YES;
				COPY_PHASE_STRIP = NO;
				DEBUG_INFORMATION_FORMAT = "dwarf-with-dsym";
				ENABLE_NS_ASSERTIONS = NO;
				ENABLE_STRICT_OBJC_MSGSEND = YES;
				GCC_C_LANGUAGE_STANDARD = gnu11;
				GCC_NO_COMMON_BLOCKS = YES;
				GCC_WARN_64_TO_32_BIT_CONVERSION = YES;
				GCC_WARN_ABOUT_RETURN_TYPE = YES_ERROR;
				GCC_WARN_UNDECLARED_SELECTOR = YES;
				GCC_WARN_UNINITIALIZED_AUTOS = YES_AGGRESSIVE;
				GCC_WARN_UNUSED_FUNCTION = YES;
				GCC_WARN_UNUSED_VARIABLE = YES;
				IPHONEOS_DEPLOYMENT_TARGET = 14.4;
				MTL_ENABLE_DEBUG_INFO = NO;
				MTL_FAST_MATH = YES;
				SDKROOT = iphoneos;
				SWIFT_COMPILATION_MODE = wholemodule;
				SWIFT_OPTIMIZATION_LEVEL = "-O";
				VALIDATE_PRODUCT = YES;
			};
			name = Release;
		};
		5FD7E5C525F3951D00547619 /* Debug */ = {
			isa = XCBuildConfiguration;
			buildSettings = {
				ASSETCATALOG_COMPILER_APPICON_NAME = AppIcon;
				ASSETCATALOG_COMPILER_GLOBAL_ACCENT_COLOR_NAME = AccentColor;
				CODE_SIGN_ENTITLEMENTS = healthcare/healthcare.entitlements;
				CODE_SIGN_IDENTITY = "Apple Development";
				CODE_SIGN_STYLE = Automatic;
				DEVELOPMENT_ASSET_PATHS = "\"healthcare/Preview Content\"";
				DEVELOPMENT_TEAM = 2JA8397FYP;
				ENABLE_PREVIEWS = YES;
				INFOPLIST_FILE = healthcare/Info.plist;
				LD_RUNPATH_SEARCH_PATHS = (
					"$(inherited)",
					"@executable_path/Frameworks",
				);
				PRODUCT_BUNDLE_IDENTIFIER = edwardlauv.healthcare;
				PRODUCT_NAME = "$(TARGET_NAME)";
				PROVISIONING_PROFILE_SPECIFIER = "";
				SWIFT_VERSION = 5.0;
				TARGETED_DEVICE_FAMILY = "1,2";
			};
			name = Debug;
		};
		5FD7E5C625F3951D00547619 /* Release */ = {
			isa = XCBuildConfiguration;
			buildSettings = {
				ASSETCATALOG_COMPILER_APPICON_NAME = AppIcon;
				ASSETCATALOG_COMPILER_GLOBAL_ACCENT_COLOR_NAME = AccentColor;
				CODE_SIGN_ENTITLEMENTS = healthcare/healthcare.entitlements;
				CODE_SIGN_IDENTITY = "Apple Development";
				CODE_SIGN_STYLE = Automatic;
				DEVELOPMENT_ASSET_PATHS = "\"healthcare/Preview Content\"";
				DEVELOPMENT_TEAM = 2JA8397FYP;
				ENABLE_PREVIEWS = YES;
				INFOPLIST_FILE = healthcare/Info.plist;
				LD_RUNPATH_SEARCH_PATHS = (
					"$(inherited)",
					"@executable_path/Frameworks",
				);
				PRODUCT_BUNDLE_IDENTIFIER = edwardlauv.healthcare;
				PRODUCT_NAME = "$(TARGET_NAME)";
				PROVISIONING_PROFILE_SPECIFIER = "";
				SWIFT_VERSION = 5.0;
				TARGETED_DEVICE_FAMILY = "1,2";
			};
			name = Release;
		};
/* End XCBuildConfiguration section */

/* Begin XCConfigurationList section */
		5FD7E5AB25F3951A00547619 /* Build configuration list for PBXProject "healthcare" */ = {
			isa = XCConfigurationList;
			buildConfigurations = (
				5FD7E5C225F3951D00547619 /* Debug */,
				5FD7E5C325F3951D00547619 /* Release */,
			);
			defaultConfigurationIsVisible = 0;
			defaultConfigurationName = Release;
		};
		5FD7E5C425F3951D00547619 /* Build configuration list for PBXNativeTarget "healthcare" */ = {
			isa = XCConfigurationList;
			buildConfigurations = (
				5FD7E5C525F3951D00547619 /* Debug */,
				5FD7E5C625F3951D00547619 /* Release */,
			);
			defaultConfigurationIsVisible = 0;
			defaultConfigurationName = Release;
		};
/* End XCConfigurationList section */
	};
	rootObject = 5FD7E5A825F3951A00547619 /* Project object */;
}
